
Microsoft Visual Studio Solution File, Format Version 12.00
# Visual Studio 14
VisualStudioVersion = 14.0.24720.0
MinimumVisualStudioVersion = 10.0.40219.1
Project("{FAE04EC0-301F-11D3-BF4B-00C04F79EFBC}") = "nashalo-9", "nashalo-9\nashalo-9.csproj", "{7EBBF5DD-30E8-489D-A9A5-D7288A704FAA}"
EndProject
Global
	GlobalSection(SolutionConfigurationPlatforms) = preSolution
		Debug|Any CPU = Debug|Any CPU
		Release|Any CPU = Release|Any CPU
	EndGlobalSection
	GlobalSection(ProjectConfigurationPlatforms) = postSolution
		{7EBBF5DD-30E8-489D-A9A5-D7288A704FAA}.Debug|Any CPU.ActiveCfg = Debug|Any CPU
		{7EBBF5DD-30E8-489D-A9A5-D7288A704FAA}.Debug|Any CPU.Build.0 = Debug|Any CPU
		{7EBBF5DD-30E8-489D-A9A5-D7288A704FAA}.Release|Any CPU.ActiveCfg = Release|Any CPU
		{7EBBF5DD-30E8-489D-A9A5-D7288A704FAA}.Release|Any CPU.Build.0 = Release|Any CPU
	EndGlobalSection
	GlobalSection(SolutionProperties) = preSolution
		HideSolutionNode = FALSE
	EndGlobalSection
EndGlobal
